{
  "version": "5",
  "specifiers": {
    "npm:hono@^4.9.0": "4.12.27"
  },
  "npm": {
    "hono@4.12.27": {
      "integrity": "sha512-1yrb/+w6HWQJrUCLkJ2IF5jNIPvvFkblV5RNOYl6bV+OA6p9GLcMpHFFGTosSvHvcAUibuUukRqhlYI4z32C7Q=="
    }
  },
  "workspace": {
    "dependencies": [
      "jsr:@std/assert@^1.0.13",
      "npm:hono@^4.9.0"
    ]
  }
}
